// !$*UTF8*$!
{
	archiveVersion = 1;
	classes = {
	};
	objectVersion = 56;
	objects = {

/* Begin PBXBuildFile section */
		85B37D982B9AEFDF0003FC31 /* ManageBoardApp.swift in Sources */ = {isa = PBXBuildFile; fileRef = 85B37D972B9AEFDF0003FC31 /* ManageBoardApp.swift */; };
		85B37D9A2B9AEFDF0003FC31 /* ContentView.swift in Sources */ = {isa = PBXBuildFile; fileRef = 85B37D992B9AEFDF0003FC31 /* ContentView.swift */; };
		85B37D9C2B9AEFE10003FC31 /* Assets.xcassets in Resources */ = {isa = PBXBuildFile; fileRef = 85B37D9B2B9AEFE10003FC31 /* Assets.xcassets */; };
		85B37D9F2B9AEFE10003FC31 /* Preview Assets.xcassets in Resources */ = {isa = PBXBuildFile; fileRef = 85B37D9E2B9AEFE10003FC31 /* Preview Assets.xcassets */; };
		85B37DA92B9AEFE10003FC31 /* ManageBoardTests.swift in Sources */ = {isa = PBXBuildFile; fileRef = 85B37DA82B9AEFE10003FC31 /* ManageBoardTests.swift */; };
		85B37DB32B9AEFE10003FC31 /* ManageBoardUITests.swift in Sources */ = {isa = PBXBuildFile; fileRef = 85B37DB22B9AEFE10003FC31 /* ManageBoardUITests.swift */; };
		85B37DB52B9AEFE10003FC31 /* ManageBoardUITestsLaunchTests.swift in Sources */ = {isa = PBXBuildFile; fileRef = 85B37DB42B9AEFE10003FC31 /* ManageBoardUITestsLaunchTests.swift */; };
		85B37DC22B9AF15B0003FC31 /* ToDoList.swift in Sources */ = {isa = PBXBuildFile; fileRef = 85B37DC12B9AF15A0003FC31 /* ToDoList.swift */; };
		85B37DC42B9AF1F70003FC31 /* ToDoListManager.swift in Sources */ = {isa = PBXBuildFile; fileRef = 85B37DC32B9AF1F70003FC31 /* ToDoListManager.swift */; };
		85B37DC62B9AF3AB0003FC31 /* ToDoItem.swift in Sources */ = {isa = PBXBuildFile; fileRef = 85B37DC52B9AF3AB0003FC31 /* ToDoItem.swift */; };
		85B37DCA2B9AF46A0003FC31 /* ToDoListView.swift in Sources */ = {isa = PBXBuildFile; fileRef = 85B37DC92B9AF46A0003FC31 /* ToDoListView.swift */; };
		85B37DCC2B9AF5620003FC31 /* SortType.swift in Sources */ = {isa = PBXBuildFile; fileRef = 85B37DCB2B9AF5620003FC31 /* SortType.swift */; };
		85B37DCE2B9AFA4A0003FC31 /* AddListView.swift in Sources */ = {isa = PBXBuildFile; fileRef = 85B37DCD2B9AFA4A0003FC31 /* AddListView.swift */; };
		85B37DD02B9AFB7E0003FC31 /* AddItemView.swift in Sources */ = {isa = PBXBuildFile; fileRef = 85B37DCF2B9AFB7E0003FC31 /* AddItemView.swift */; };
/* End PBXBuildFile section */

/* Begin PBXContainerItemProxy section */
		85B37DA52B9AEFE10003FC31 /* PBXContainerItemProxy */ = {
			isa = PBXContainerItemProxy;
			containerPortal = 85B37D8C2B9AEFDF0003FC31 /* Project object */;
			proxyType = 1;
			remoteGlobalIDString = 85B37D932B9AEFDF0003FC31;
			remoteInfo = ManageBoard;
		};
		85B37DAF2B9AEFE10003FC31 /* PBXContainerItemProxy */ = {
			isa = PBXContainerItemProxy;
			containerPortal = 85B37D8C2B9AEFDF0003FC31 /* Project object */;
			proxyType = 1;
			remoteGlobalIDString = 85B37D932B9AEFDF0003FC31;
			remoteInfo = ManageBoard;
		};
/* End PBXContainerItemProxy section */

/* Begin PBXFileReference section */
		85B37D942B9AEFDF0003FC31 /* ManageBoard.app */ = {isa = PBXFileReference; explicitFileType = wrapper.application; includeInIndex = 0; path = ManageBoard.app; sourceTree = BUILT_PRODUCTS_DIR; };
		85B37D972B9AEFDF0003FC31 /* ManageBoardApp.swift */ = {isa = PBXFileReference; lastKnownFileType = sourcecode.swift; path = ManageBoardApp.swift; sourceTree = "<group>"; };
		85B37D992B9AEFDF0003FC31 /* ContentView.swift */ = {isa = PBXFileReference; lastKnownFileType = sourcecode.swift; path = ContentView.swift; sourceTree = "<group>"; };
		85B37D9B2B9AEFE10003FC31 /* Assets.xcassets */ = {isa = PBXFileReference; lastKnownFileType = folder.assetcatalog; path = Assets.xcassets; sourceTree = "<group>"; };
		85B37D9E2B9AEFE10003FC31 /* Preview Assets.xcassets */ = {isa = PBXFileReference; lastKnownFileType = folder.assetcatalog; path = "Preview Assets.xcassets"; sourceTree = "<group>"; };
		85B37DA42B9AEFE10003FC31 /* ManageBoardTests.xctest */ = {isa = PBXFileReference; explicitFileType = wrapper.cfbundle; includeInIndex = 0; path = ManageBoardTests.xctest; sourceTree = BUILT_PRODUCTS_DIR; };
		85B37DA82B9AEFE10003FC31 /* ManageBoardTests.swift */ = {isa = PBXFileReference; lastKnownFileType = sourcecode.swift; path = ManageBoardTests.swift; sourceTree = "<group>"; };
		85B37DAE2B9AEFE10003FC31 /* ManageBoardUITests.xctest */ = {isa = PBXFileReference; explicitFileType = wrapper.cfbundle; includeInIndex = 0; path = ManageBoardUITests.xctest; sourceTree = BUILT_PRODUCTS_DIR; };
		85B37DB22B9AEFE10003FC31 /* ManageBoardUITests.swift */ = {isa = PBXFileReference; lastKnownFileType = sourcecode.swift; path = ManageBoardUITests.swift; sourceTree = "<group>"; };
		85B37DB42B9AEFE10003FC31 /* ManageBoardUITestsLaunchTests.swift */ = {isa = PBXFileReference; lastKnownFileType = sourcecode.swift; path = ManageBoardUITestsLaunchTests.swift; sourceTree = "<group>"; };
		85B37DC12B9AF15A0003FC31 /* ToDoList.swift */ = {isa = PBXFileReference; lastKnownFileType = sourcecode.swift; path = ToDoList.swift; sourceTree = "<group>"; };
		85B37DC32B9AF1F70003FC31 /* ToDoListManager.swift */ = {isa = PBXFileReference; lastKnownFileType = sourcecode.swift; path = ToDoListManager.swift; sourceTree = "<group>"; };
		85B37DC52B9AF3AB0003FC31 /* ToDoItem.swift */ = {isa = PBXFileReference; lastKnownFileType = sourcecode.swift; path = ToDoItem.swift; sourceTree = "<group>"; };
		85B37DC92B9AF46A0003FC31 /* ToDoListView.swift */ = {isa = PBXFileReference; lastKnownFileType = sourcecode.swift; path = ToDoListView.swift; sourceTree = "<group>"; };
		85B37DCB2B9AF5620003FC31 /* SortType.swift */ = {isa = PBXFileReference; lastKnownFileType = sourcecode.swift; path = SortType.swift; sourceTree = "<group>"; };
		85B37DCD2B9AFA4A0003FC31 /* AddListView.swift */ = {isa = PBXFileReference; lastKnownFileType = sourcecode.swift; path = AddListView.swift; sourceTree = "<group>"; };
		85B37DCF2B9AFB7E0003FC31 /* AddItemView.swift */ = {isa = PBXFileReference; lastKnownFileType = sourcecode.swift; path = AddItemView.swift; sourceTree = "<group>"; };
/* End PBXFileReference section */

/* Begin PBXFrameworksBuildPhase section */
		85B37D912B9AEFDF0003FC31 /* Frameworks */ = {
			isa = PBXFrameworksBuildPhase;
			buildActionMask = 2147483647;
			files = (
			);
			runOnlyForDeploymentPostprocessing = 0;
		};
		85B37DA12B9AEFE10003FC31 /* Frameworks */ = {
			isa = PBXFrameworksBuildPhase;
			buildActionMask = 2147483647;
			files = (
			);
			runOnlyForDeploymentPostprocessing = 0;
		};
		85B37DAB2B9AEFE10003FC31 /* Frameworks */ = {
			isa = PBXFrameworksBuildPhase;
			buildActionMask = 2147483647;
			files = (
			);
			runOnlyForDeploymentPostprocessing = 0;
		};
/* End PBXFrameworksBuildPhase section */

/* Begin PBXGroup section */
		85B37D8B2B9AEFDF0003FC31 = {
			isa = PBXGroup;
			children = (
				85B37D962B9AEFDF0003FC31 /* ManageBoard */,
				85B37DA72B9AEFE10003FC31 /* ManageBoardTests */,
				85B37DB12B9AEFE10003FC31 /* ManageBoardUITests */,
				85B37D952B9AEFDF0003FC31 /* Products */,
			);
			sourceTree = "<group>";
		};
		85B37D952B9AEFDF0003FC31 /* Products */ = {
			isa = PBXGroup;
			children = (
				85B37D942B9AEFDF0003FC31 /* ManageBoard.app */,
				85B37DA42B9AEFE10003FC31 /* ManageBoardTests.xctest */,
				85B37DAE2B9AEFE10003FC31 /* ManageBoardUITests.xctest */,
			);
			name = Products;
			sourceTree = "<group>";
		};
		85B37D962B9AEFDF0003FC31 /* ManageBoard */ = {
			isa = PBXGroup;
			children = (
				85B37D972B9AEFDF0003FC31 /* ManageBoardApp.swift */,
				85B37D992B9AEFDF0003FC31 /* ContentView.swift */,
				85B37DCD2B9AFA4A0003FC31 /* AddListView.swift */,
				85B37DC92B9AF46A0003FC31 /* ToDoListView.swift */,
				85B37DCF2B9AFB7E0003FC31 /* AddItemView.swift */,
				85B37DC12B9AF15A0003FC31 /* ToDoList.swift */,
				85B37DC32B9AF1F70003FC31 /* ToDoListManager.swift */,
				85B37DC52B9AF3AB0003FC31 /* ToDoItem.swift */,
				85B37DCB2B9AF5620003FC31 /* SortType.swift */,
				85B37D9B2B9AEFE10003FC31 /* Assets.xcassets */,
				85B37D9D2B9AEFE10003FC31 /* Preview Content */,
			);
			path = ManageBoard;
			sourceTree = "<group>";
		};
		85B37D9D2B9AEFE10003FC31 /* Preview Content */ = {
			isa = PBXGroup;
			children = (
				85B37D9E2B9AEFE10003FC31 /* Preview Assets.xcassets */,
			);
			path = "Preview Content";
			sourceTree = "<group>";
		};
		85B37DA72B9AEFE10003FC31 /* ManageBoardTests */ = {
			isa = PBXGroup;
			children = (
				85B37DA82B9AEFE10003FC31 /* ManageBoardTests.swift */,
			);
			path = ManageBoardTests;
			sourceTree = "<group>";
		};
		85B37DB12B9AEFE10003FC31 /* ManageBoardUITests */ = {
			isa = PBXGroup;
			children = (
				85B37DB22B9AEFE10003FC31 /* ManageBoardUITests.swift */,
				85B37DB42B9AEFE10003FC31 /* ManageBoardUITestsLaunchTests.swift */,
			);
			path = ManageBoardUITests;
			sourceTree = "<group>";
		};
/* End PBXGroup section */

/* Begin PBXNativeTarget section */
		85B37D932B9AEFDF0003FC31 /* ManageBoard */ = {
			isa = PBXNativeTarget;
			buildConfigurationList = 85B37DB82B9AEFE10003FC31 /* Build configuration list for PBXNativeTarget "ManageBoard" */;
			buildPhases = (
				85B37D902B9AEFDF0003FC31 /* Sources */,
				85B37D912B9AEFDF0003FC31 /* Frameworks */,
				85B37D922B9AEFDF0003FC31 /* Resources */,
			);
			buildRules = (
			);
			dependencies = (
			);
			name = ManageBoard;
			productName = ManageBoard;
			productReference = 85B37D942B9AEFDF0003FC31 /* ManageBoard.app */;
			productType = "com.apple.product-type.application";
		};
		85B37DA32B9AEFE10003FC31 /* ManageBoardTests */ = {
			isa = PBXNativeTarget;
			buildConfigurationList = 85B37DBB2B9AEFE10003FC31 /* Build configuration list for PBXNativeTarget "ManageBoardTests" */;
			buildPhases = (
				85B37DA02B9AEFE10003FC31 /* Sources */,
				85B37DA12B9AEFE10003FC31 /* Frameworks */,
				85B37DA22B9AEFE10003FC31 /* Resources */,
			);
			buildRules = (
			);
			dependencies = (
				85B37DA62B9AEFE10003FC31 /* PBXTargetDependency */,
			);
			name = ManageBoardTests;
			productName = ManageBoardTests;
			productReference = 85B37DA42B9AEFE10003FC31 /* ManageBoardTests.xctest */;
			productType = "com.apple.product-type.bundle.unit-test";
		};
		85B37DAD2B9AEFE10003FC31 /* ManageBoardUITests */ = {
			isa = PBXNativeTarget;
			buildConfigurationList = 85B37DBE2B9AEFE10003FC31 /* Build configuration list for PBXNativeTarget "ManageBoardUITests" */;
			buildPhases = (
				85B37DAA2B9AEFE10003FC31 /* Sources */,
				85B37DAB2B9AEFE10003FC31 /* Frameworks */,
				85B37DAC2B9AEFE10003FC31 /* Resources */,
			);
			buildRules = (
			);
			dependencies = (
				85B37DB02B9AEFE10003FC31 /* PBXTargetDependency */,
			);
			name = ManageBoardUITests;
			productName = ManageBoardUITests;
			productReference = 85B37DAE2B9AEFE10003FC31 /* ManageBoardUITests.xctest */;
			productType = "com.apple.product-type.bundle.ui-testing";
		};
/* End PBXNativeTarget section */

/* Begin PBXProject section */
		85B37D8C2B9AEFDF0003FC31 /* Project object */ = {
			isa = PBXProject;
			attributes = {
				BuildIndependentTargetsInParallel = 1;
				LastSwiftUpdateCheck = 1530;
				LastUpgradeCheck = 1530;
				TargetAttributes = {
					85B37D932B9AEFDF0003FC31 = {
						CreatedOnToolsVersion = 15.3;
					};
					85B37DA32B9AEFE10003FC31 = {
						CreatedOnToolsVersion = 15.3;
						TestTargetID = 85B37D932B9AEFDF0003FC31;
					};
					85B37DAD2B9AEFE10003FC31 = {
						CreatedOnToolsVersion = 15.3;
						TestTargetID = 85B37D932B9AEFDF0003FC31;
					};
				};
			};
			buildConfigurationList = 85B37D8F2B9AEFDF0003FC31 /* Build configuration list for PBXProject "ManageBoard" */;
			compatibilityVersion = "Xcode 14.0";
			developmentRegion = en;
			hasScannedForEncodings = 0;
			knownRegions = (
				en,
				Base,
			);
			mainGroup = 85B37D8B2B9AEFDF0003FC31;
			productRefGroup = 85B37D952B9AEFDF0003FC31 /* Products */;
			projectDirPath = "";
			projectRoot = "";
			targets = (
				85B37D932B9AEFDF0003FC31 /* ManageBoard */,
				85B37DA32B9AEFE10003FC31 /* ManageBoardTests */,
				85B37DAD2B9AEFE10003FC31 /* ManageBoardUITests */,
			);
		};
/* End PBXProject section */

/* Begin PBXResourcesBuildPhase section */
		85B37D922B9AEFDF0003FC31 /* Resources */ = {
			isa = PBXResourcesBuildPhase;
			buildActionMask = 2147483647;
			files = (
				85B37D9F2B9AEFE10003FC31 /* Preview Assets.xcassets in Resources */,
				85B37D9C2B9AEFE10003FC31 /* Assets.xcassets in Resources */,
			);
			runOnlyForDeploymentPostprocessing = 0;
		};
		85B37DA22B9AEFE10003FC31 /* Resources */ = {
			isa = PBXResourcesBuildPhase;
			buildActionMask = 2147483647;
			files = (
			);
			runOnlyForDeploymentPostprocessing = 0;
		};
		85B37DAC2B9AEFE10003FC31 /* Resources */ = {
			isa = PBXResourcesBuildPhase;
			buildActionMask = 2147483647;
			files = (
			);
			runOnlyForDeploymentPostprocessing = 0;
		};
/* End PBXResourcesBuildPhase section */

/* Begin PBXSourcesBuildPhase section */
		85B37D902B9AEFDF0003FC31 /* Sources */ = {
			isa = PBXSourcesBuildPhase;
			buildActionMask = 2147483647;
			files = (
				85B37D9A2B9AEFDF0003FC31 /* ContentView.swift in Sources */,
				85B37DD02B9AFB7E0003FC31 /* AddItemView.swift in Sources */,
				85B37DC42B9AF1F70003FC31 /* ToDoListManager.swift in Sources */,
				85B37DC62B9AF3AB0003FC31 /* ToDoItem.swift in Sources */,
				85B37DCC2B9AF5620003FC31 /* SortType.swift in Sources */,
				85B37DCE2B9AFA4A0003FC31 /* AddListView.swift in Sources */,
				85B37DC22B9AF15B0003FC31 /* ToDoList.swift in Sources */,
				85B37D982B9AEFDF0003FC31 /* ManageBoardApp.swift in Sources */,
				85B37DCA2B9AF46A0003FC31 /* ToDoListView.swift in Sources */,
			);
			runOnlyForDeploymentPostprocessing = 0;
		};
		85B37DA02B9AEFE10003FC31 /* Sources */ = {
			isa = PBXSourcesBuildPhase;
			buildActionMask = 2147483647;
			files = (
				85B37DA92B9AEFE10003FC31 /* ManageBoardTests.swift in Sources */,
			);
			runOnlyForDeploymentPostprocessing = 0;
		};
		85B37DAA2B9AEFE10003FC31 /* Sources */ = {
			isa = PBXSourcesBuildPhase;
			buildActionMask = 2147483647;
			files = (
				85B37DB52B9AEFE10003FC31 /* ManageBoardUITestsLaunchTests.swift in Sources */,
				85B37DB32B9AEFE10003FC31 /* ManageBoardUITests.swift in Sources */,
			);
			runOnlyForDeploymentPostprocessing = 0;
		};
/* End PBXSourcesBuildPhase section */

/* Begin PBXTargetDependency section */
		85B37DA62B9AEFE10003FC31 /* PBXTargetDependency */ = {
			isa = PBXTargetDependency;
			target = 85B37D932B9AEFDF0003FC31 /* ManageBoard */;
			targetProxy = 85B37DA52B9AEFE10003FC31 /* PBXContainerItemProxy */;
		};
		85B37DB02B9AEFE10003FC31 /* PBXTargetDependency */ = {
			isa = PBXTargetDependency;
			target = 85B37D932B9AEFDF0003FC31 /* ManageBoard */;
			targetProxy = 85B37DAF2B9AEFE10003FC31 /* PBXContainerItemProxy */;
		};
/* End PBXTargetDependency section */

/* Begin XCBuildConfiguration section */
		85B37DB62B9AEFE10003FC31 /* Debug */ = {
			isa = XCBuildConfiguration;
			buildSettings = {
				ALWAYS_SEARCH_USER_PATHS = NO;
				ASSETCATALOG_COMPILER_GENERATE_SWIFT_ASSET_SYMBOL_EXTENSIONS = YES;
				CLANG_ANALYZER_NONNULL = YES;
				CLANG_ANALYZER_NUMBER_OBJECT_CONVERSION = YES_AGGRESSIVE;
				CLANG_CXX_LANGUAGE_STANDARD = "gnu++20";
				CLANG_ENABLE_MODULES = YES;
				CLANG_ENABLE_OBJC_ARC = YES;
				CLANG_ENABLE_OBJC_WEAK = YES;
				CLANG_WARN_BLOCK_CAPTURE_AUTORELEASING = YES;
				CLANG_WARN_BOOL_CONVERSION = YES;
				CLANG_WARN_COMMA = YES;
				CLANG_WARN_CONSTANT_CONVERSION = YES;
				CLANG_WARN_DEPRECATED_OBJC_IMPLEMENTATIONS = YES;
				CLANG_WARN_DIRECT_OBJC_ISA_USAGE = YES_ERROR;
				CLANG_WARN_DOCUMENTATION_COMMENTS = YES;
				CLANG_WARN_EMPTY_BODY = YES;
				CLANG_WARN_ENUM_CONVERSION = YES;
				CLANG_WARN_INFINITE_RECURSION = YES;
				CLANG_WARN_INT_CONVERSION = YES;
				CLANG_WARN_NON_LITERAL_NULL_CONVERSION = YES;
				CLANG_WARN_OBJC_IMPLICIT_RETAIN_SELF = YES;
				CLANG_WARN_OBJC_LITERAL_CONVERSION = YES;
				CLANG_WARN_OBJC_ROOT_CLASS = YES_ERROR;
				CLANG_WARN_QUOTED_INCLUDE_IN_FRAMEWORK_HEADER = YES;
				CLANG_WARN_RANGE_LOOP_ANALYSIS = YES;
				CLANG_WARN_STRICT_PROTOTYPES = YES;
				CLANG_WARN_SUSPICIOUS_MOVE = YES;
				CLANG_WARN_UNGUARDED_AVAILABILITY = YES_AGGRESSIVE;
				CLANG_WARN_UNREACHABLE_CODE = YES;
				CLANG_WARN__DUPLICATE_METHOD_MATCH = YES;
				COPY_PHASE_STRIP = NO;
				DEBUG_INFORMATION_FORMAT = dwarf;
				ENABLE_STRICT_OBJC_MSGSEND = YES;
				ENABLE_TESTABILITY = YES;
				ENABLE_USER_SCRIPT_SANDBOXING = YES;
				GCC_C_LANGUAGE_STANDARD = gnu17;
				GCC_DYNAMIC_NO_PIC = NO;
				GCC_NO_COMMON_BLOCKS = YES;
				GCC_OPTIMIZATION_LEVEL = 0;
				GCC_PREPROCESSOR_DEFINITIONS = (
					"DEBUG=1",
					"$(inherited)",
				);
				GCC_WARN_64_TO_32_BIT_CONVERSION = YES;
				GCC_WARN_ABOUT_RETURN_TYPE = YES_ERROR;
				GCC_WARN_UNDECLARED_SELECTOR = YES;
				GCC_WARN_UNINITIALIZED_AUTOS = YES_AGGRESSIVE;
				GCC_WARN_UNUSED_FUNCTION = YES;
				GCC_WARN_UNUSED_VARIABLE = YES;
				IPHONEOS_DEPLOYMENT_TARGET = 17.4;
				LOCALIZATION_PREFERS_STRING_CATALOGS = YES;
				MTL_ENABLE_DEBUG_INFO = INCLUDE_SOURCE;
				MTL_FAST_MATH = YES;
				ONLY_ACTIVE_ARCH = YES;
				SDKROOT = iphoneos;
				SWIFT_ACTIVE_COMPILATION_CONDITIONS = "DEBUG $(inherited)";
				SWIFT_OPTIMIZATION_LEVEL = "-Onone";
			};
			name = Debug;
		};
		85B37DB72B9AEFE10003FC31 /* Release */ = {
			isa = XCBuildConfiguration;
			buildSettings = {
				ALWAYS_SEARCH_USER_PATHS = NO;
				ASSETCATALOG_COMPILER_GENERATE_SWIFT_ASSET_SYMBOL_EXTENSIONS = YES;
				CLANG_ANALYZER_NONNULL = YES;
				CLANG_ANALYZER_NUMBER_OBJECT_CONVERSION = YES_AGGRESSIVE;
				CLANG_CXX_LANGUAGE_STANDARD = "gnu++20";
				CLANG_ENABLE_MODULES = YES;
				CLANG_ENABLE_OBJC_ARC = YES;
				CLANG_ENABLE_OBJC_WEAK = YES;
				CLANG_WARN_BLOCK_CAPTURE_AUTORELEASING = YES;
				CLANG_WARN_BOOL_CONVERSION = YES;
				CLANG_WARN_COMMA = YES;
				CLANG_WARN_CONSTANT_CONVERSION = YES;
				CLANG_WARN_DEPRECATED_OBJC_IMPLEMENTATIONS = YES;
				CLANG_WARN_DIRECT_OBJC_ISA_USAGE = YES_ERROR;
				CLANG_WARN_DOCUMENTATION_COMMENTS = YES;
				CLANG_WARN_EMPTY_BODY = YES;
				CLANG_WARN_ENUM_CONVERSION = YES;
				CLANG_WARN_INFINITE_RECURSION = YES;
				CLANG_WARN_INT_CONVERSION = YES;
				CLANG_WARN_NON_LITERAL_NULL_CONVERSION = YES;
				CLANG_WARN_OBJC_IMPLICIT_RETAIN_SELF = YES;
				CLANG_WARN_OBJC_LITERAL_CONVERSION = YES;
				CLANG_WARN_OBJC_ROOT_CLASS = YES_ERROR;
				CLANG_WARN_QUOTED_INCLUDE_IN_FRAMEWORK_HEADER = YES;
				CLANG_WARN_RANGE_LOOP_ANALYSIS = YES;
				CLANG_WARN_STRICT_PROTOTYPES = YES;
				CLANG_WARN_SUSPICIOUS_MOVE = YES;
				CLANG_WARN_UNGUARDED_AVAILABILITY = YES_AGGRESSIVE;
				CLANG_WARN_UNREACHABLE_CODE = YES;
				CLANG_WARN__DUPLICATE_METHOD_MATCH = YES;
				COPY_PHASE_STRIP = NO;
				DEBUG_INFORMATION_FORMAT = "dwarf-with-dsym";
				ENABLE_NS_ASSERTIONS = NO;
				ENABLE_STRICT_OBJC_MSGSEND = YES;
				ENABLE_USER_SCRIPT_SANDBOXING = YES;
				GCC_C_LANGUAGE_STANDARD = gnu17;
				GCC_NO_COMMON_BLOCKS = YES;
				GCC_WARN_64_TO_32_BIT_CONVERSION = YES;
				GCC_WARN_ABOUT_RETURN_TYPE = YES_ERROR;
				GCC_WARN_UNDECLARED_SELECTOR = YES;
				GCC_WARN_UNINITIALIZED_AUTOS = YES_AGGRESSIVE;
				GCC_WARN_UNUSED_FUNCTION = YES;
				GCC_WARN_UNUSED_VARIABLE = YES;
				IPHONEOS_DEPLOYMENT_TARGET = 17.4;
				LOCALIZATION_PREFERS_STRING_CATALOGS = YES;
				MTL_ENABLE_DEBUG_INFO = NO;
				MTL_FAST_MATH = YES;
				SDKROOT = iphoneos;
				SWIFT_COMPILATION_MODE = wholemodule;
				VALIDATE_PRODUCT = YES;
			};
			name = Release;
		};
		85B37DB92B9AEFE10003FC31 /* Debug */ = {
			isa = XCBuildConfiguration;
			buildSettings = {
				ASSETCATALOG_COMPILER_APPICON_NAME = AppIcon;
				ASSETCATALOG_COMPILER_GLOBAL_ACCENT_COLOR_NAME = AccentColor;
				CODE_SIGN_STYLE = Automatic;
				CURRENT_PROJECT_VERSION = 1;
				DEVELOPMENT_ASSET_PATHS = "\"ManageBoard/Preview Content\"";
				ENABLE_PREVIEWS = YES;
				GENERATE_INFOPLIST_FILE = YES;
				INFOPLIST_KEY_UIApplicationSceneManifest_Generation = YES;
				INFOPLIST_KEY_UIApplicationSupportsIndirectInputEvents = YES;
				INFOPLIST_KEY_UILaunchScreen_Generation = YES;
				INFOPLIST_KEY_UISupportedInterfaceOrientations_iPad = "UIInterfaceOrientationPortrait UIInterfaceOrientationPortraitUpsideDown UIInterfaceOrientationLandscapeLeft UIInterfaceOrientationLandscapeRight";
				INFOPLIST_KEY_UISupportedInterfaceOrientations_iPhone = "UIInterfaceOrientationPortrait UIInterfaceOrientationLandscapeLeft UIInterfaceOrientationLandscapeRight";
				LD_RUNPATH_SEARCH_PATHS = (
					"$(inherited)",
					"@executable_path/Frameworks",
				);
				MARKETING_VERSION = 1.0;
				PRODUCT_BUNDLE_IDENTIFIER = dev.ManageBoard;
				PRODUCT_NAME = "$(TARGET_NAME)";
				SWIFT_EMIT_LOC_STRINGS = YES;
				SWIFT_VERSION = 5.0;
				TARGETED_DEVICE_FAMILY = "1,2";
			};
			name = Debug;
		};
		85B37DBA2B9AEFE10003FC31 /* Release */ = {
			isa = XCBuildConfiguration;
			buildSettings = {
				ASSETCATALOG_COMPILER_APPICON_NAME = AppIcon;
				ASSETCATALOG_COMPILER_GLOBAL_ACCENT_COLOR_NAME = AccentColor;
				CODE_SIGN_STYLE = Automatic;
				CURRENT_PROJECT_VERSION = 1;
				DEVELOPMENT_ASSET_PATHS = "\"ManageBoard/Preview Content\"";
				ENABLE_PREVIEWS = YES;
				GENERATE_INFOPLIST_FILE = YES;
				INFOPLIST_KEY_UIApplicationSceneManifest_Generation = YES;
				INFOPLIST_KEY_UIApplicationSupportsIndirectInputEvents = YES;
				INFOPLIST_KEY_UILaunchScreen_Generation = YES;
				INFOPLIST_KEY_UISupportedInterfaceOrientations_iPad = "UIInterfaceOrientationPortrait UIInterfaceOrientationPortraitUpsideDown UIInterfaceOrientationLandscapeLeft UIInterfaceOrientationLandscapeRight";
				INFOPLIST_KEY_UISupportedInterfaceOrientations_iPhone = "UIInterfaceOrientationPortrait UIInterfaceOrientationLandscapeLeft UIInterfaceOrientationLandscapeRight";
				LD_RUNPATH_SEARCH_PATHS = (
					"$(inherited)",
					"@executable_path/Frameworks",
				);
				MARKETING_VERSION = 1.0;
				PRODUCT_BUNDLE_IDENTIFIER = dev.ManageBoard;
				PRODUCT_NAME = "$(TARGET_NAME)";
				SWIFT_EMIT_LOC_STRINGS = YES;
				SWIFT_VERSION = 5.0;
				TARGETED_DEVICE_FAMILY = "1,2";
			};
			name = Release;
		};
		85B37DBC2B9AEFE10003FC31 /* Debug */ = {
			isa = XCBuildConfiguration;
			buildSettings = {
				ALWAYS_EMBED_SWIFT_STANDARD_LIBRARIES = YES;
				BUNDLE_LOADER = "$(TEST_HOST)";
				CODE_SIGN_STYLE = Automatic;
				CURRENT_PROJECT_VERSION = 1;
				GENERATE_INFOPLIST_FILE = YES;
				IPHONEOS_DEPLOYMENT_TARGET = 17.4;
				MARKETING_VERSION = 1.0;
				PRODUCT_BUNDLE_IDENTIFIER = dev.ManageBoardTests;
				PRODUCT_NAME = "$(TARGET_NAME)";
				SWIFT_EMIT_LOC_STRINGS = NO;
				SWIFT_VERSION = 5.0;
				TARGETED_DEVICE_FAMILY = "1,2";
				TEST_HOST = "$(BUILT_PRODUCTS_DIR)/ManageBoard.app/$(BUNDLE_EXECUTABLE_FOLDER_PATH)/ManageBoard";
			};
			name = Debug;
		};
		85B37DBD2B9AEFE10003FC31 /* Release */ = {
			isa = XCBuildConfiguration;
			buildSettings = {
				ALWAYS_EMBED_SWIFT_STANDARD_LIBRARIES = YES;
				BUNDLE_LOADER = "$(TEST_HOST)";
				CODE_SIGN_STYLE = Automatic;
				CURRENT_PROJECT_VERSION = 1;
				GENERATE_INFOPLIST_FILE = YES;
				IPHONEOS_DEPLOYMENT_TARGET = 17.4;
				MARKETING_VERSION = 1.0;
				PRODUCT_BUNDLE_IDENTIFIER = dev.ManageBoardTests;
				PRODUCT_NAME = "$(TARGET_NAME)";
				SWIFT_EMIT_LOC_STRINGS = NO;
				SWIFT_VERSION = 5.0;
				TARGETED_DEVICE_FAMILY = "1,2";
				TEST_HOST = "$(BUILT_PRODUCTS_DIR)/ManageBoard.app/$(BUNDLE_EXECUTABLE_FOLDER_PATH)/ManageBoard";
			};
			name = Release;
		};
		85B37DBF2B9AEFE10003FC31 /* Debug */ = {
			isa = XCBuildConfiguration;
			buildSettings = {
				ALWAYS_EMBED_SWIFT_STANDARD_LIBRARIES = YES;
				CODE_SIGN_STYLE = Automatic;
				CURRENT_PROJECT_VERSION = 1;
				GENERATE_INFOPLIST_FILE = YES;
				MARKETING_VERSION = 1.0;
				PRODUCT_BUNDLE_IDENTIFIER = dev.ManageBoardUITests;
				PRODUCT_NAME = "$(TARGET_NAME)";
				SWIFT_EMIT_LOC_STRINGS = NO;
				SWIFT_VERSION = 5.0;
				TARGETED_DEVICE_FAMILY = "1,2";
				TEST_TARGET_NAME = ManageBoard;
			};
			name = Debug;
		};
		85B37DC02B9AEFE10003FC31 /* Release */ = {
			isa = XCBuildConfiguration;
			buildSettings = {
				ALWAYS_EMBED_SWIFT_STANDARD_LIBRARIES = YES;
				CODE_SIGN_STYLE = Automatic;
				CURRENT_PROJECT_VERSION = 1;
				GENERATE_INFOPLIST_FILE = YES;
				MARKETING_VERSION = 1.0;
				PRODUCT_BUNDLE_IDENTIFIER = dev.ManageBoardUITests;
				PRODUCT_NAME = "$(TARGET_NAME)";
				SWIFT_EMIT_LOC_STRINGS = NO;
				SWIFT_VERSION = 5.0;
				TARGETED_DEVICE_FAMILY = "1,2";
				TEST_TARGET_NAME = ManageBoard;
			};
			name = Release;
		};
/* End XCBuildConfiguration section */

/* Begin XCConfigurationList section */
		85B37D8F2B9AEFDF0003FC31 /* Build configuration list for PBXProject "ManageBoard" */ = {
			isa = XCConfigurationList;
			buildConfigurations = (
				85B37DB62B9AEFE10003FC31 /* Debug */,
				85B37DB72B9AEFE10003FC31 /* Release */,
			);
			defaultConfigurationIsVisible = 0;
			defaultConfigurationName = Release;
		};
		85B37DB82B9AEFE10003FC31 /* Build configuration list for PBXNativeTarget "ManageBoard" */ = {
			isa = XCConfigurationList;
			buildConfigurations = (
				85B37DB92B9AEFE10003FC31 /* Debug */,
				85B37DBA2B9AEFE10003FC31 /* Release */,
			);
			defaultConfigurationIsVisible = 0;
			defaultConfigurationName = Release;
		};
		85B37DBB2B9AEFE10003FC31 /* Build configuration list for PBXNativeTarget "ManageBoardTests" */ = {
			isa = XCConfigurationList;
			buildConfigurations = (
				85B37DBC2B9AEFE10003FC31 /* Debug */,
				85B37DBD2B9AEFE10003FC31 /* Release */,
			);
			defaultConfigurationIsVisible = 0;
			defaultConfigurationName = Release;
		};
		85B37DBE2B9AEFE10003FC31 /* Build configuration list for PBXNativeTarget "ManageBoardUITests" */ = {
			isa = XCConfigurationList;
			buildConfigurations = (
				85B37DBF2B9AEFE10003FC31 /* Debug */,
				85B37DC02B9AEFE10003FC31 /* Release */,
			);
			defaultConfigurationIsVisible = 0;
			defaultConfigurationName = Release;
		};
/* End XCConfigurationList section */
	};
	rootObject = 85B37D8C2B9AEFDF0003FC31 /* Project object */;
}
